
Microsoft Visual Studio Solution File, Format Version 12.00
# Visual Studio Version 17
VisualStudioVersion = 17.4.33110.190
MinimumVisualStudioVersion = 10.0.40219.1
Project("{9A19103F-16F7-4668-BE54-9A1E7A4F7556}") = "Enversoft", "Enversoft\Enversoft.csproj", "{BC942A57-B520-4D91-B0E8-CD13F52D0303}"
EndProject
Project("{9A19103F-16F7-4668-BE54-9A1E7A4F7556}") = "EnverWeb", "EnverWeb\EnverWeb.csproj", "{5916AC8A-D3E5-4AFE-B6F6-A50BF6B890ED}"
EndProject
Project("{FAE04EC0-301F-11D3-BF4B-00C04F79EFBC}") = "EnversoftTests", "EnversoftTests\EnversoftTests.csproj", "{0A38753D-193B-4F79-B624-77C8D1B5FA3A}"
EndProject
Global
	GlobalSection(SolutionConfigurationPlatforms) = preSolution
		Debug|Any CPU = Debug|Any CPU
		Release|Any CPU = Release|Any CPU
	EndGlobalSection
	GlobalSection(ProjectConfigurationPlatforms) = postSolution
		{BC942A57-B520-4D91-B0E8-CD13F52D0303}.Debug|Any CPU.ActiveCfg = Debug|Any CPU
		{BC942A57-B520-4D91-B0E8-CD13F52D0303}.Debug|Any CPU.Build.0 = Debug|Any CPU
		{BC942A57-B520-4D91-B0E8-CD13F52D0303}.Release|Any CPU.ActiveCfg = Release|Any CPU
		{BC942A57-B520-4D91-B0E8-CD13F52D0303}.Release|Any CPU.Build.0 = Release|Any CPU
		{5916AC8A-D3E5-4AFE-B6F6-A50BF6B890ED}.Debug|Any CPU.ActiveCfg = Debug|Any CPU
		{5916AC8A-D3E5-4AFE-B6F6-A50BF6B890ED}.Debug|Any CPU.Build.0 = Debug|Any CPU
		{5916AC8A-D3E5-4AFE-B6F6-A50BF6B890ED}.Release|Any CPU.ActiveCfg = Release|Any CPU
		{5916AC8A-D3E5-4AFE-B6F6-A50BF6B890ED}.Release|Any CPU.Build.0 = Release|Any CPU
		{0A38753D-193B-4F79-B624-77C8D1B5FA3A}.Debug|Any CPU.ActiveCfg = Debug|Any CPU
		{0A38753D-193B-4F79-B624-77C8D1B5FA3A}.Debug|Any CPU.Build.0 = Debug|Any CPU
		{0A38753D-193B-4F79-B624-77C8D1B5FA3A}.Release|Any CPU.ActiveCfg = Release|Any CPU
		{0A38753D-193B-4F79-B624-77C8D1B5FA3A}.Release|Any CPU.Build.0 = Release|Any CPU
	EndGlobalSection
	GlobalSection(SolutionProperties) = preSolution
		HideSolutionNode = FALSE
	EndGlobalSection
	GlobalSection(ExtensibilityGlobals) = postSolution
		SolutionGuid = {8FA7C6A2-B82C-4230-BBCA-EA0CC18E4726}
	EndGlobalSection
EndGlobal
